// !$*UTF8*$!
{
	archiveVersion = 1;
	classes = {
	};
	objectVersion = 46;
	objects = {

/* Begin PBXBuildFile section */
		8967E68A17CAA9A500BDE30D /* UIKit.framework in Frameworks */ = {isa = PBXBuildFile; fileRef = 8967E68917CAA9A500BDE30D /* UIKit.framework */; };
		8967E68C17CAA9A500BDE30D /* Foundation.framework in Frameworks */ = {isa = PBXBuildFile; fileRef = 8967E68B17CAA9A500BDE30D /* Foundation.framework */; };
		8967E68E17CAA9A500BDE30D /* CoreGraphics.framework in Frameworks */ = {isa = PBXBuildFile; fileRef = 8967E68D17CAA9A500BDE30D /* CoreGraphics.framework */; };
		8967E69417CAA9A500BDE30D /* InfoPlist.strings in Resources */ = {isa = PBXBuildFile; fileRef = 8967E69217CAA9A500BDE30D /* InfoPlist.strings */; };
		8967E69617CAA9A500BDE30D /* main.m in Sources */ = {isa = PBXBuildFile; fileRef = 8967E69517CAA9A500BDE30D /* main.m */; };
		8967E69A17CAA9A500BDE30D /* DDAppDelegate.m in Sources */ = {isa = PBXBuildFile; fileRef = 8967E69917CAA9A500BDE30D /* DDAppDelegate.m */; };
		8967E69C17CAA9A500BDE30D /* Default.png in Resources */ = {isa = PBXBuildFile; fileRef = 8967E69B17CAA9A500BDE30D /* Default.png */; };
		8967E69E17CAA9A500BDE30D /* Default@2x.png in Resources */ = {isa = PBXBuildFile; fileRef = 8967E69D17CAA9A500BDE30D /* Default@2x.png */; };
		8967E6A017CAA9A500BDE30D /* Default-568h@2x.png in Resources */ = {isa = PBXBuildFile; fileRef = 8967E69F17CAA9A500BDE30D /* Default-568h@2x.png */; };
		8967E6A317CAA9A500BDE30D /* MainStoryboard_iPhone.storyboard in Resources */ = {isa = PBXBuildFile; fileRef = 8967E6A117CAA9A500BDE30D /* MainStoryboard_iPhone.storyboard */; };
		8967E6A617CAA9A500BDE30D /* MainStoryboard_iPad.storyboard in Resources */ = {isa = PBXBuildFile; fileRef = 8967E6A417CAA9A500BDE30D /* MainStoryboard_iPad.storyboard */; };
		8967E6A917CAA9A500BDE30D /* DDViewController.m in Sources */ = {isa = PBXBuildFile; fileRef = 8967E6A817CAA9A500BDE30D /* DDViewController.m */; };
		8970DB5917D57F06007C3ADC /* DDTablView.m in Sources */ = {isa = PBXBuildFile; fileRef = 8970DB5817D57F06007C3ADC /* DDTablView.m */; };
		8970DB5C17D57F16007C3ADC /* DDTableViewCell.m in Sources */ = {isa = PBXBuildFile; fileRef = 8970DB5B17D57F16007C3ADC /* DDTableViewCell.m */; };
/* End PBXBuildFile section */

/* Begin PBXFileReference section */
		8967E68617CAA9A500BDE30D /* DragDrop.app */ = {isa = PBXFileReference; explicitFileType = wrapper.application; includeInIndex = 0; path = DragDrop.app; sourceTree = BUILT_PRODUCTS_DIR; };
		8967E68917CAA9A500BDE30D /* UIKit.framework */ = {isa = PBXFileReference; lastKnownFileType = wrapper.framework; name = UIKit.framework; path = System/Library/Frameworks/UIKit.framework; sourceTree = SDKROOT; };
		8967E68B17CAA9A500BDE30D /* Foundation.framework */ = {isa = PBXFileReference; lastKnownFileType = wrapper.framework; name = Foundation.framework; path = System/Library/Frameworks/Foundation.framework; sourceTree = SDKROOT; };
		8967E68D17CAA9A500BDE30D /* CoreGraphics.framework */ = {isa = PBXFileReference; lastKnownFileType = wrapper.framework; name = CoreGraphics.framework; path = System/Library/Frameworks/CoreGraphics.framework; sourceTree = SDKROOT; };
		8967E69117CAA9A500BDE30D /* DragDrop-Info.plist */ = {isa = PBXFileReference; lastKnownFileType = text.plist.xml; path = "DragDrop-Info.plist"; sourceTree = "<group>"; };
		8967E69317CAA9A500BDE30D /* en */ = {isa = PBXFileReference; lastKnownFileType = text.plist.strings; name = en; path = en.lproj/InfoPlist.strings; sourceTree = "<group>"; };
		8967E69517CAA9A500BDE30D /* main.m */ = {isa = PBXFileReference; lastKnownFileType = sourcecode.c.objc; path = main.m; sourceTree = "<group>"; };
		8967E69717CAA9A500BDE30D /* DragDrop-Prefix.pch */ = {isa = PBXFileReference; lastKnownFileType = sourcecode.c.h; path = "DragDrop-Prefix.pch"; sourceTree = "<group>"; };
		8967E69817CAA9A500BDE30D /* DDAppDelegate.h */ = {isa = PBXFileReference; lastKnownFileType = sourcecode.c.h; path = DDAppDelegate.h; sourceTree = "<group>"; };
		8967E69917CAA9A500BDE30D /* DDAppDelegate.m */ = {isa = PBXFileReference; lastKnownFileType = sourcecode.c.objc; path = DDAppDelegate.m; sourceTree = "<group>"; };
		8967E69B17CAA9A500BDE30D /* Default.png */ = {isa = PBXFileReference; lastKnownFileType = image.png; path = Default.png; sourceTree = "<group>"; };
		8967E69D17CAA9A500BDE30D /* Default@2x.png */ = {isa = PBXFileReference; lastKnownFileType = image.png; path = "Default@2x.png"; sourceTree = "<group>"; };
		8967E69F17CAA9A500BDE30D /* Default-568h@2x.png */ = {isa = PBXFileReference; lastKnownFileType = image.png; path = "Default-568h@2x.png"; sourceTree = "<group>"; };
		8967E6A217CAA9A500BDE30D /* en */ = {isa = PBXFileReference; lastKnownFileType = file.storyboard; name = en; path = en.lproj/MainStoryboard_iPhone.storyboard; sourceTree = "<group>"; };
		8967E6A517CAA9A500BDE30D /* en */ = {isa = PBXFileReference; lastKnownFileType = file.storyboard; name = en; path = en.lproj/MainStoryboard_iPad.storyboard; sourceTree = "<group>"; };
		8967E6A717CAA9A500BDE30D /* DDViewController.h */ = {isa = PBXFileReference; lastKnownFileType = sourcecode.c.h; path = DDViewController.h; sourceTree = "<group>"; };
		8967E6A817CAA9A500BDE30D /* DDViewController.m */ = {isa = PBXFileReference; lastKnownFileType = sourcecode.c.objc; path = DDViewController.m; sourceTree = "<group>"; };
		8970DB5717D57F06007C3ADC /* DDTablView.h */ = {isa = PBXFileReference; fileEncoding = 4; lastKnownFileType = sourcecode.c.h; path = DDTablView.h; sourceTree = "<group>"; };
		8970DB5817D57F06007C3ADC /* DDTablView.m */ = {isa = PBXFileReference; fileEncoding = 4; lastKnownFileType = sourcecode.c.objc; path = DDTablView.m; sourceTree = "<group>"; };
		8970DB5A17D57F16007C3ADC /* DDTableViewCell.h */ = {isa = PBXFileReference; fileEncoding = 4; lastKnownFileType = sourcecode.c.h; path = DDTableViewCell.h; sourceTree = "<group>"; };
		8970DB5B17D57F16007C3ADC /* DDTableViewCell.m */ = {isa = PBXFileReference; fileEncoding = 4; lastKnownFileType = sourcecode.c.objc; path = DDTableViewCell.m; sourceTree = "<group>"; };
/* End PBXFileReference section */

/* Begin PBXFrameworksBuildPhase section */
		8967E68317CAA9A500BDE30D /* Frameworks */ = {
			isa = PBXFrameworksBuildPhase;
			buildActionMask = 2147483647;
			files = (
				8967E68A17CAA9A500BDE30D /* UIKit.framework in Frameworks */,
				8967E68C17CAA9A500BDE30D /* Foundation.framework in Frameworks */,
				8967E68E17CAA9A500BDE30D /* CoreGraphics.framework in Frameworks */,
			);
			runOnlyForDeploymentPostprocessing = 0;
		};
/* End PBXFrameworksBuildPhase section */

/* Begin PBXGroup section */
		8967E67D17CAA9A400BDE30D = {
			isa = PBXGroup;
			children = (
				8967E68F17CAA9A500BDE30D /* DragDrop */,
				8967E68817CAA9A500BDE30D /* Frameworks */,
				8967E68717CAA9A500BDE30D /* Products */,
			);
			sourceTree = "<group>";
		};
		8967E68717CAA9A500BDE30D /* Products */ = {
			isa = PBXGroup;
			children = (
				8967E68617CAA9A500BDE30D /* DragDrop.app */,
			);
			name = Products;
			sourceTree = "<group>";
		};
		8967E68817CAA9A500BDE30D /* Frameworks */ = {
			isa = PBXGroup;
			children = (
				8967E68917CAA9A500BDE30D /* UIKit.framework */,
				8967E68B17CAA9A500BDE30D /* Foundation.framework */,
				8967E68D17CAA9A500BDE30D /* CoreGraphics.framework */,
			);
			name = Frameworks;
			sourceTree = "<group>";
		};
		8967E68F17CAA9A500BDE30D /* DragDrop */ = {
			isa = PBXGroup;
			children = (
				8967E69817CAA9A500BDE30D /* DDAppDelegate.h */,
				8967E69917CAA9A500BDE30D /* DDAppDelegate.m */,
				8967E6A117CAA9A500BDE30D /* MainStoryboard_iPhone.storyboard */,
				8967E6A417CAA9A500BDE30D /* MainStoryboard_iPad.storyboard */,
				8967E6A717CAA9A500BDE30D /* DDViewController.h */,
				8967E6A817CAA9A500BDE30D /* DDViewController.m */,
				8970DB5717D57F06007C3ADC /* DDTablView.h */,
				8970DB5817D57F06007C3ADC /* DDTablView.m */,
				8970DB5A17D57F16007C3ADC /* DDTableViewCell.h */,
				8970DB5B17D57F16007C3ADC /* DDTableViewCell.m */,
				8967E69017CAA9A500BDE30D /* Supporting Files */,
			);
			path = DragDrop;
			sourceTree = "<group>";
		};
		8967E69017CAA9A500BDE30D /* Supporting Files */ = {
			isa = PBXGroup;
			children = (
				8967E69117CAA9A500BDE30D /* DragDrop-Info.plist */,
				8967E69217CAA9A500BDE30D /* InfoPlist.strings */,
				8967E69517CAA9A500BDE30D /* main.m */,
				8967E69717CAA9A500BDE30D /* DragDrop-Prefix.pch */,
				8967E69B17CAA9A500BDE30D /* Default.png */,
				8967E69D17CAA9A500BDE30D /* Default@2x.png */,
				8967E69F17CAA9A500BDE30D /* Default-568h@2x.png */,
			);
			name = "Supporting Files";
			sourceTree = "<group>";
		};
/* End PBXGroup section */

/* Begin PBXNativeTarget section */
		8967E68517CAA9A500BDE30D /* DragDrop */ = {
			isa = PBXNativeTarget;
			buildConfigurationList = 8967E6AC17CAA9A500BDE30D /* Build configuration list for PBXNativeTarget "DragDrop" */;
			buildPhases = (
				8967E68217CAA9A500BDE30D /* Sources */,
				8967E68317CAA9A500BDE30D /* Frameworks */,
				8967E68417CAA9A500BDE30D /* Resources */,
			);
			buildRules = (
			);
			dependencies = (
			);
			name = DragDrop;
			productName = DragDrop;
			productReference = 8967E68617CAA9A500BDE30D /* DragDrop.app */;
			productType = "com.apple.product-type.application";
		};
/* End PBXNativeTarget section */

/* Begin PBXProject section */
		8967E67E17CAA9A500BDE30D /* Project object */ = {
			isa = PBXProject;
			attributes = {
				CLASSPREFIX = DD;
				LastUpgradeCheck = 0460;
				ORGANIZATIONNAME = "Haodan Huang";
			};
			buildConfigurationList = 8967E68117CAA9A500BDE30D /* Build configuration list for PBXProject "DragDrop" */;
			compatibilityVersion = "Xcode 3.2";
			developmentRegion = English;
			hasScannedForEncodings = 0;
			knownRegions = (
				en,
			);
			mainGroup = 8967E67D17CAA9A400BDE30D;
			productRefGroup = 8967E68717CAA9A500BDE30D /* Products */;
			projectDirPath = "";
			projectRoot = "";
			targets = (
				8967E68517CAA9A500BDE30D /* DragDrop */,
			);
		};
/* End PBXProject section */

/* Begin PBXResourcesBuildPhase section */
		8967E68417CAA9A500BDE30D /* Resources */ = {
			isa = PBXResourcesBuildPhase;
			buildActionMask = 2147483647;
			files = (
				8967E69417CAA9A500BDE30D /* InfoPlist.strings in Resources */,
				8967E69C17CAA9A500BDE30D /* Default.png in Resources */,
				8967E69E17CAA9A500BDE30D /* Default@2x.png in Resources */,
				8967E6A017CAA9A500BDE30D /* Default-568h@2x.png in Resources */,
				8967E6A317CAA9A500BDE30D /* MainStoryboard_iPhone.storyboard in Resources */,
				8967E6A617CAA9A500BDE30D /* MainStoryboard_iPad.storyboard in Resources */,
			);
			runOnlyForDeploymentPostprocessing = 0;
		};
/* End PBXResourcesBuildPhase section */

/* Begin PBXSourcesBuildPhase section */
		8967E68217CAA9A500BDE30D /* Sources */ = {
			isa = PBXSourcesBuildPhase;
			buildActionMask = 2147483647;
			files = (
				8967E69617CAA9A500BDE30D /* main.m in Sources */,
				8967E69A17CAA9A500BDE30D /* DDAppDelegate.m in Sources */,
				8967E6A917CAA9A500BDE30D /* DDViewController.m in Sources */,
				8970DB5917D57F06007C3ADC /* DDTablView.m in Sources */,
				8970DB5C17D57F16007C3ADC /* DDTableViewCell.m in Sources */,
			);
			runOnlyForDeploymentPostprocessing = 0;
		};
/* End PBXSourcesBuildPhase section */

/* Begin PBXVariantGroup section */
		8967E69217CAA9A500BDE30D /* InfoPlist.strings */ = {
			isa = PBXVariantGroup;
			children = (
				8967E69317CAA9A500BDE30D /* en */,
			);
			name = InfoPlist.strings;
			sourceTree = "<group>";
		};
		8967E6A117CAA9A500BDE30D /* MainStoryboard_iPhone.storyboard */ = {
			isa = PBXVariantGroup;
			children = (
				8967E6A217CAA9A500BDE30D /* en */,
			);
			name = MainStoryboard_iPhone.storyboard;
			sourceTree = "<group>";
		};
		8967E6A417CAA9A500BDE30D /* MainStoryboard_iPad.storyboard */ = {
			isa = PBXVariantGroup;
			children = (
				8967E6A517CAA9A500BDE30D /* en */,
			);
			name = MainStoryboard_iPad.storyboard;
			sourceTree = "<group>";
		};
/* End PBXVariantGroup section */

/* Begin XCBuildConfiguration section */
		8967E6AA17CAA9A500BDE30D /* Debug */ = {
			isa = XCBuildConfiguration;
			buildSettings = {
				ALWAYS_SEARCH_USER_PATHS = NO;
				CLANG_CXX_LANGUAGE_STANDARD = "gnu++0x";
				CLANG_CXX_LIBRARY = "libc++";
				CLANG_ENABLE_OBJC_ARC = YES;
				CLANG_WARN_CONSTANT_CONVERSION = YES;
				CLANG_WARN_EMPTY_BODY = YES;
				CLANG_WARN_ENUM_CONVERSION = YES;
				CLANG_WARN_INT_CONVERSION = YES;
				CLANG_WARN__DUPLICATE_METHOD_MATCH = YES;
				"CODE_SIGN_IDENTITY[sdk=iphoneos*]" = "iPhone Developer";
				COPY_PHASE_STRIP = NO;
				GCC_C_LANGUAGE_STANDARD = gnu99;
				GCC_DYNAMIC_NO_PIC = NO;
				GCC_OPTIMIZATION_LEVEL = 0;
				GCC_PREPROCESSOR_DEFINITIONS = (
					"DEBUG=1",
					"$(inherited)",
				);
				GCC_SYMBOLS_PRIVATE_EXTERN = NO;
				GCC_WARN_ABOUT_RETURN_TYPE = YES;
				GCC_WARN_UNINITIALIZED_AUTOS = YES;
				GCC_WARN_UNUSED_VARIABLE = YES;
				IPHONEOS_DEPLOYMENT_TARGET = 6.1;
				ONLY_ACTIVE_ARCH = YES;
				SDKROOT = iphoneos;
				TARGETED_DEVICE_FAMILY = "1,2";
			};
			name = Debug;
		};
		8967E6AB17CAA9A500BDE30D /* Release */ = {
			isa = XCBuildConfiguration;
			buildSettings = {
				ALWAYS_SEARCH_USER_PATHS = NO;
				CLANG_CXX_LANGUAGE_STANDARD = "gnu++0x";
				CLANG_CXX_LIBRARY = "libc++";
				CLANG_ENABLE_OBJC_ARC = YES;
				CLANG_WARN_CONSTANT_CONVERSION = YES;
				CLANG_WARN_EMPTY_BODY = YES;
				CLANG_WARN_ENUM_CONVERSION = YES;
				CLANG_WARN_INT_CONVERSION = YES;
				CLANG_WARN__DUPLICATE_METHOD_MATCH = YES;
				"CODE_SIGN_IDENTITY[sdk=iphoneos*]" = "iPhone Developer";
				COPY_PHASE_STRIP = YES;
				GCC_C_LANGUAGE_STANDARD = gnu99;
				GCC_WARN_ABOUT_RETURN_TYPE = YES;
				GCC_WARN_UNINITIALIZED_AUTOS = YES;
				GCC_WARN_UNUSED_VARIABLE = YES;
				IPHONEOS_DEPLOYMENT_TARGET = 6.1;
				OTHER_CFLAGS = "-DNS_BLOCK_ASSERTIONS=1";
				SDKROOT = iphoneos;
				TARGETED_DEVICE_FAMILY = "1,2";
				VALIDATE_PRODUCT = YES;
			};
			name = Release;
		};
		8967E6AD17CAA9A500BDE30D /* Debug */ = {
			isa = XCBuildConfiguration;
			buildSettings = {
				GCC_PRECOMPILE_PREFIX_HEADER = YES;
				GCC_PREFIX_HEADER = "DragDrop/DragDrop-Prefix.pch";
				INFOPLIST_FILE = "DragDrop/DragDrop-Info.plist";
				PRODUCT_NAME = "$(TARGET_NAME)";
				WRAPPER_EXTENSION = app;
			};
			name = Debug;
		};
		8967E6AE17CAA9A500BDE30D /* Release */ = {
			isa = XCBuildConfiguration;
			buildSettings = {
				GCC_PRECOMPILE_PREFIX_HEADER = YES;
				GCC_PREFIX_HEADER = "DragDrop/DragDrop-Prefix.pch";
				INFOPLIST_FILE = "DragDrop/DragDrop-Info.plist";
				PRODUCT_NAME = "$(TARGET_NAME)";
				WRAPPER_EXTENSION = app;
			};
			name = Release;
		};
/* End XCBuildConfiguration section */

/* Begin XCConfigurationList section */
		8967E68117CAA9A500BDE30D /* Build configuration list for PBXProject "DragDrop" */ = {
			isa = XCConfigurationList;
			buildConfigurations = (
				8967E6AA17CAA9A500BDE30D /* Debug */,
				8967E6AB17CAA9A500BDE30D /* Release */,
			);
			defaultConfigurationIsVisible = 0;
			defaultConfigurationName = Release;
		};
		8967E6AC17CAA9A500BDE30D /* Build configuration list for PBXNativeTarget "DragDrop" */ = {
			isa = XCConfigurationList;
			buildConfigurations = (
				8967E6AD17CAA9A500BDE30D /* Debug */,
				8967E6AE17CAA9A500BDE30D /* Release */,
			);
			defaultConfigurationIsVisible = 0;
			defaultConfigurationName = Release;
		};
/* End XCConfigurationList section */
	};
	rootObject = 8967E67E17CAA9A500BDE30D /* Project object */;
}
